{
  "name": "futuretime",
  "version": "0.1.0",
  "lockfileVersion": 1,
  "requires": true,
  "dependencies": {
    "camelcase": {
      "version": "1.2.1",
      "resolved": "https://registry.npmjs.org/camelcase/-/camelcase-1.2.1.tgz",
      "integrity": "sha1-m7UwTS4LVmmLLHWLCKPqqdqlijk="
    },
    "vue-amap": {
      "version": "0.5.10",
      "resolved": "https://registry.npmjs.org/vue-amap/-/vue-amap-0.5.10.tgz",
      "integrity": "sha512-9ViNCev1vx32+zZ5RvF/TmUZNbwL9QrdA2/OnD2GlXMfQBkJy7D08Vb7379t6guqnopDPtWJ8K6gg72h9+4GUg==",
      "requires": {
        "uppercamelcase": "^1.1.0"
      },
      "dependencies": {
        "uppercamelcase": {
          "version": "1.1.0",
          "resolved": "https://registry.npmjs.org/uppercamelcase/-/uppercamelcase-1.1.0.tgz",
          "integrity": "sha1-Mk2YprOvx+iolT4QZBUJsOTiP5c=",
          "requires": {
            "camelcase": "^1.2.1"
          }
        }
      }
    }
  }
}
